{"format_version":"1.0","provider_schemas":{"registry.terraform.io/timeweb-cloud/timeweb-cloud":{"provider":{"version":0,"block":{"attributes":{"token":{"type":"string","description":"Secret API token from https://timeweb.cloud/my/api-keys","description_kind":"plain","optional":true}},"description_kind":"plain"}},"resource_schemas":{"twc_database_backup":{"version":0,"block":{"attributes":{"cluster_id":{"type":"number","description":"Database cluster ID for which backup should be created","description_kind":"plain","required":true},"comment":{"type":"string","description":"Comment for backup","description_kind":"plain","optional":true},"created_at":{"type":"string","description":"Date when backup was created","description_kind":"plain","computed":true},"id":{"type":"string","description_kind":"plain","optional":true,"computed":true},"name":{"type":"string","description":"Name of backup","description_kind":"plain","computed":true},"size":{"type":"number","description":"Backups size","description_kind":"plain","computed":true},"status":{"type":"string","description":"Current status of backup","description_kind":"plain","computed":true},"type":{"type":"string","description":"Backup type (`manual` or `auto`)","description_kind":"plain","computed":true}},"description":"Resource for describing needed database backup and provides actual information about its status","description_kind":"plain"}},"twc_database_backup_schedule":{"version":0,"block":{"attributes":{"cluster_id":{"type":"number","description":"Database cluster ID for which database auto backups should be configured","description_kind":"plain","required":true},"copy_count":{"type":"number","description":"Maximum stored copy count","description_kind":"plain","required":true},"creation_start_at":{"type":"string","description":"Creation date for first backup","description_kind":"plain","required":true},"day_of_week":{"type":"number","description":"Day of the week when auto backup should be created. Allowed only for week interval, counting starts from 1 (Monday)","description_kind":"plain","optional":true,"computed":true},"enabled":{"type":"bool","description":"Enable auto backups","description_kind":"plain","optional":true},"id":{"type":"string","description_kind":"plain","optional":true,"computed":true},"interval":{"type":"string","description":"Interval between auto backups","description_kind":"plain","required":true}},"description":"Resource for describing needed database auto backup properties and schedule","description_kind":"plain"}},"twc_database_cluster":{"version":0,"block":{"attributes":{"availability_zone":{"type":"string","description":"Availability zone for database cluster","description_kind":"plain","optional":true,"computed":true},"config_parameters":{"type":["map","string"],"description":"Configuration parameters for database cluster","description_kind":"plain","optional":true},"description":{"type":"string","description":"Description for project","description_kind":"plain","optional":true,"computed":true},"disk_stats":{"type":["list",["object",{"size":"number","used":"number"}]],"description":"Information about database disk stats","description_kind":"plain","computed":true},"hash_type":{"type":"string","description":"Hash type for database","description_kind":"plain","optional":true},"id":{"type":"string","description_kind":"plain","optional":true,"computed":true},"is_external_ip":{"type":"bool","description":"Flag that shows allowability database only by external IP address","description_kind":"plain","optional":true,"computed":true},"location":{"type":"string","description":"Location for the server (`ru-1`, `ru-2`, `de-1`, `kz-1`, etc.)","description_kind":"plain","computed":true},"name":{"type":"string","description":"Name for database cluster","description_kind":"plain","required":true},"networks":{"type":["list",["object",{"ips":["list",["object",{"ip":"string","type":"string"}]],"type":"string"}]],"description_kind":"plain","computed":true},"parameters":{"type":["map","string"],"description":"Configuration parameters for database cluster","description_kind":"plain","computed":true},"port":{"type":"number","description":"Listening port for incoming connections","description_kind":"plain","computed":true},"preset_id":{"type":"number","description":"Preset ID for database cluster","description_kind":"plain","required":true},"project_id":{"type":"number","description":"Project ID for managed resource","description_kind":"plain","optional":true,"computed":true},"replications":{"type":"number","description":"Number of replication instances","description_kind":"plain","optional":true,"computed":true},"status":{"type":"string","description":"Current status of database cluster (`started`, `starting`, `stopped`, `no_paid`)","description_kind":"plain","computed":true},"type":{"type":"string","description":"Type of database cluster","description_kind":"plain","required":true}},"block_types":{"network":{"nesting_mode":"list","block":{"attributes":{"id":{"type":"string","description":"Network ID","description_kind":"plain","required":true}},"description":"Network for database cluster","description_kind":"plain"},"max_items":1}},"description":"Resource for describing needed database cluster and provides actual information about its status","description_kind":"plain"}},"twc_database_instance":{"version":0,"block":{"attributes":{"cluster_id":{"type":"number","description":"Database cluster ID for which backup instance be created","description_kind":"plain","required":true},"description":{"type":"string","description":"Description for project","description_kind":"plain","optional":true,"computed":true},"id":{"type":"string","description_kind":"plain","optional":true,"computed":true},"name":{"type":"string","description":"Name for database instance","description_kind":"plain","required":true}},"description":"Resource for describing needed database instance and provides actual information about its status","description_kind":"plain"}},"twc_database_user":{"version":0,"block":{"attributes":{"cluster_id":{"type":"number","description":"Database cluster ID for which user be created","description_kind":"plain","required":true},"description":{"type":"string","description":"Description for user","description_kind":"plain","optional":true,"computed":true},"host":{"type":"string","description":"Allowed host for login as this user","description_kind":"plain","optional":true,"computed":true},"id":{"type":"string","description_kind":"plain","optional":true,"computed":true},"login":{"type":"string","description":"Login for user","description_kind":"plain","required":true},"password":{"type":"string","description":"Password for user","description_kind":"plain","required":true,"sensitive":true},"privileges":{"type":["list","string"],"description":"Privileges of user","description_kind":"plain","optional":true}},"block_types":{"instance":{"nesting_mode":"list","block":{"attributes":{"instance_id":{"type":"number","description":"Database instance ID for which user has privileges","description_kind":"plain","optional":true,"computed":true},"privileges":{"type":["list","string"],"description":"Privileges of user","description_kind":"plain","optional":true,"computed":true}},"description":"Privileges of user by instance","description_kind":"plain"}}},"description":"Resource for describing needed database user and provides actual information about its status","description_kind":"plain"}},"twc_db_backup":{"version":0,"block":{"attributes":{"comment":{"type":"string","description":"Comment for backup","description_kind":"plain","optional":true},"created_at":{"type":"string","description":"Date when backup was created","description_kind":"plain","computed":true},"id":{"type":"string","description_kind":"plain","optional":true,"computed":true},"name":{"type":"string","description":"Name of backup","description_kind":"plain","computed":true},"size":{"type":"number","description":"Backups size","description_kind":"plain","computed":true},"source_db_id":{"type":"number","description":"DB ID for which backup should be created","description_kind":"plain","required":true},"status":{"type":"string","description":"Current status of backup","description_kind":"plain","computed":true},"type":{"type":"string","description":"Backup type (`manual` or `auto`)","description_kind":"plain","computed":true}},"description":"Resource for describing needed DB backup and provides actual information about its status","description_kind":"plain","deprecated":true}},"twc_db_backup_schedule":{"version":0,"block":{"attributes":{"copy_count":{"type":"number","description":"Maximum stored copy count","description_kind":"plain","required":true},"creation_start_at":{"type":"string","description":"Creation date for first backup","description_kind":"plain","required":true},"day_of_week":{"type":"number","description":"Day of the week when auto backup should be created. Allowed only for week interval, counting starts from 1 (Monday)","description_kind":"plain","optional":true,"computed":true},"enabled":{"type":"bool","description":"Enable auto backups","description_kind":"plain","optional":true},"id":{"type":"string","description_kind":"plain","optional":true,"computed":true},"interval":{"type":"string","description":"Interval between auto backups","description_kind":"plain","required":true},"source_db_id":{"type":"number","description":"DB ID for which DB auto backups should be configured","description_kind":"plain","required":true}},"description":"Resource for describing needed DB auto backup properties and schedule","description_kind":"plain","deprecated":true}},"twc_db_mongodb":{"version":0,"block":{"attributes":{"disk_stats":{"type":["list",["object",{"size":"number","used":"number"}]],"description":"Information about database disk stats","description_kind":"plain","computed":true},"host":{"type":"string","description":"Host for connection to database","description_kind":"plain","computed":true},"id":{"type":"string","description_kind":"plain","optional":true,"computed":true},"ip":{"type":"string","description":"IP-address database of network interface","description_kind":"plain","computed":true},"is_external_ip":{"type":"bool","description":"Flag that shows allowability database only by external IP address","description_kind":"plain","optional":true,"computed":true},"local_ip":{"type":"string","description":"Local IP-address database of network interface","description_kind":"plain","computed":true},"login":{"type":"string","description":"Login for database","description_kind":"plain","optional":true},"name":{"type":"string","description":"Name for database","description_kind":"plain","required":true},"password":{"type":"string","description":"Password for database","description_kind":"plain","required":true,"sensitive":true},"port":{"type":"number","description":"Port for connection to database","description_kind":"plain","computed":true},"preset_id":{"type":"number","description":"Preset ID for database","description_kind":"plain","required":true},"project_id":{"type":"number","description":"Project ID for created DB","description_kind":"plain","optional":true,"computed":true},"status":{"type":"string","description":"Current status of database (`started`, `starting`, `stoped`, `no_paid`)","description_kind":"plain","computed":true}},"block_types":{"local_network":{"nesting_mode":"list","block":{"attributes":{"id":{"type":"string","description":"ID of VPC for assign address from","description_kind":"plain","required":true},"ip":{"type":"string","description":"Address in VPC subnetwork for manual assign","description_kind":"plain","optional":true}},"description":"Flag that enables local network for DB","description_kind":"plain"},"max_items":1}},"description":"Resource for describing needed MongoDB database and provides actual information about its status","description_kind":"plain","deprecated":true}},"twc_db_mysql_5":{"version":0,"block":{"attributes":{"auto_increment_increment":{"type":"number","description":"Interval between indices between rows for `AUTO_INCREMENT` columns","description_kind":"plain","optional":true,"computed":true},"auto_increment_offset":{"type":"number","description":"Start value for `AUTO_INCREMENT` columns","description_kind":"plain","optional":true,"computed":true},"disk_stats":{"type":["list",["object",{"size":"number","used":"number"}]],"description":"Information about database disk stats","description_kind":"plain","computed":true},"hash_type":{"type":"string","description":"Hash type for database","description_kind":"plain","optional":true},"host":{"type":"string","description":"Host for connection to database","description_kind":"plain","computed":true},"id":{"type":"string","description_kind":"plain","optional":true,"computed":true},"innodb_io_capacity":{"type":"number","description":"IOPS count","description_kind":"plain","optional":true,"computed":true},"innodb_purge_threads":{"type":"number","description":"Threads count for cleanup operation","description_kind":"plain","optional":true,"computed":true},"innodb_read_io_threads":{"type":"number","description":"Threads count for read operation","description_kind":"plain","optional":true,"computed":true},"innodb_thread_concurrency":{"type":"number","description":"Maximum active threads count","description_kind":"plain","optional":true,"computed":true},"innodb_write_io_threads":{"type":"number","description":"Threads count for write operation","description_kind":"plain","optional":true,"computed":true},"ip":{"type":"string","description":"IP-address database of network interface","description_kind":"plain","computed":true},"is_external_ip":{"type":"bool","description":"Flag that shows allowability database only by external IP address","description_kind":"plain","optional":true,"computed":true},"join_buffer_size":{"type":"number","description":"Buffer size for JOIN operation","description_kind":"plain","optional":true,"computed":true},"local_ip":{"type":"string","description":"Local IP-address database of network interface","description_kind":"plain","computed":true},"login":{"type":"string","description":"Login for database","description_kind":"plain","optional":true},"max_allowed_packet":{"type":"number","description":"Max allowed size for one packet or parameter that may be sent via `mysql_stmt_send_long_data()`","description_kind":"plain","optional":true,"computed":true},"max_connections":{"type":"number","description":"The maximum permitted number of simultaneous client connections","description_kind":"plain","optional":true,"computed":true},"max_heap_table_size":{"type":"number","description":"Max size for user MEMORY-tables","description_kind":"plain","optional":true,"computed":true},"name":{"type":"string","description":"Name for database","description_kind":"plain","required":true},"password":{"type":"string","description":"Password for database","description_kind":"plain","required":true,"sensitive":true},"port":{"type":"number","description":"Port for connection to database","description_kind":"plain","computed":true},"preset_id":{"type":"number","description":"Preset ID for database","description_kind":"plain","required":true},"project_id":{"type":"number","description":"Project ID for created DB","description_kind":"plain","optional":true,"computed":true},"query_cache_size":{"type":"number","description":"The amount of memory allocated for caching query results","description_kind":"plain","optional":true,"computed":true},"query_cache_type":{"type":"number","description":"Set the query cache type","description_kind":"plain","optional":true,"computed":true},"sql_mode":{"type":["set","string"],"description":"The current server SQL mode","description_kind":"plain","optional":true,"computed":true},"status":{"type":"string","description":"Current status of database (`started`, `starting`, `stoped`, `no_paid`)","description_kind":"plain","computed":true}},"block_types":{"local_network":{"nesting_mode":"list","block":{"attributes":{"id":{"type":"string","description":"ID of VPC for assign address from","description_kind":"plain","required":true},"ip":{"type":"string","description":"Address in VPC subnetwork for manual assign","description_kind":"plain","optional":true}},"description":"Flag that enables local network for DB","description_kind":"plain"},"max_items":1}},"description":"Resource for describing needed MySQL 5.7 database and provides actual information about its status","description_kind":"plain","deprecated":true}},"twc_db_mysql_8":{"version":0,"block":{"attributes":{"auto_increment_increment":{"type":"number","description":"Interval between indices between rows for `AUTO_INCREMENT` columns","description_kind":"plain","optional":true,"computed":true},"auto_increment_offset":{"type":"number","description":"Start value for `AUTO_INCREMENT` columns","description_kind":"plain","optional":true,"computed":true},"disk_stats":{"type":["list",["object",{"size":"number","used":"number"}]],"description":"Information about database disk stats","description_kind":"plain","computed":true},"hash_type":{"type":"string","description":"Hash type for database","description_kind":"plain","optional":true},"host":{"type":"string","description":"Host for connection to database","description_kind":"plain","computed":true},"id":{"type":"string","description_kind":"plain","optional":true,"computed":true},"innodb_io_capacity":{"type":"number","description":"IOPS count","description_kind":"plain","optional":true,"computed":true},"innodb_purge_threads":{"type":"number","description":"Threads count for cleanup operation","description_kind":"plain","optional":true,"computed":true},"innodb_read_io_threads":{"type":"number","description":"Threads count for read operation","description_kind":"plain","optional":true,"computed":true},"innodb_thread_concurrency":{"type":"number","description":"Maximum active threads count","description_kind":"plain","optional":true,"computed":true},"innodb_write_io_threads":{"type":"number","description":"Threads count for write operation","description_kind":"plain","optional":true,"computed":true},"ip":{"type":"string","description":"IP-address database of network interface","description_kind":"plain","computed":true},"is_external_ip":{"type":"bool","description":"Flag that shows allowability database only by external IP address","description_kind":"plain","optional":true,"computed":true},"join_buffer_size":{"type":"number","description":"Buffer size for JOIN operation","description_kind":"plain","optional":true,"computed":true},"local_ip":{"type":"string","description":"Local IP-address database of network interface","description_kind":"plain","computed":true},"login":{"type":"string","description":"Login for database","description_kind":"plain","optional":true},"max_allowed_packet":{"type":"number","description":"Max allowed size for one packet or parameter that may be sent via `mysql_stmt_send_long_data()`","description_kind":"plain","optional":true,"computed":true},"max_connections":{"type":"number","description":"The maximum permitted number of simultaneous client connections","description_kind":"plain","optional":true,"computed":true},"max_heap_table_size":{"type":"number","description":"Max size for user MEMORY-tables","description_kind":"plain","optional":true,"computed":true},"name":{"type":"string","description":"Name for database","description_kind":"plain","required":true},"password":{"type":"string","description":"Password for database","description_kind":"plain","required":true,"sensitive":true},"port":{"type":"number","description":"Port for connection to database","description_kind":"plain","computed":true},"preset_id":{"type":"number","description":"Preset ID for database","description_kind":"plain","required":true},"project_id":{"type":"number","description":"Project ID for created DB","description_kind":"plain","optional":true,"computed":true},"sql_mode":{"type":["set","string"],"description":"The current server SQL mode","description_kind":"plain","optional":true,"computed":true},"status":{"type":"string","description":"Current status of database (`started`, `starting`, `stoped`, `no_paid`)","description_kind":"plain","computed":true}},"block_types":{"local_network":{"nesting_mode":"list","block":{"attributes":{"id":{"type":"string","description":"ID of VPC for assign address from","description_kind":"plain","required":true},"ip":{"type":"string","description":"Address in VPC subnetwork for manual assign","description_kind":"plain","optional":true}},"description":"Flag that enables local network for DB","description_kind":"plain"},"max_items":1}},"description":"Resource for describing needed MySQL 8 database and provides actual information about its status","description_kind":"plain","deprecated":true}},"twc_db_postgres":{"version":0,"block":{"attributes":{"autovacuum_analyze_scale_factor":{"type":"number","description":"Change ration before `ANALYZE` will be started","description_kind":"plain","optional":true,"computed":true},"bgwriter_delay":{"type":"number","description":"Interval between background writes runs","description_kind":"plain","optional":true,"computed":true},"bgwriter_lru_maxpages":{"type":"number","description":"Maximum pages cache count","description_kind":"plain","optional":true,"computed":true},"deadlock_timeout":{"type":"number","description":"Timeout between deadlock checking","description_kind":"plain","optional":true,"computed":true},"disk_stats":{"type":["list",["object",{"size":"number","used":"number"}]],"description":"Information about database disk stats","description_kind":"plain","computed":true},"gin_pending_list_limit":{"type":"number","description":"Maximum write queue size of `GIN` index","description_kind":"plain","optional":true,"computed":true},"host":{"type":"string","description":"Host for connection to database","description_kind":"plain","computed":true},"id":{"type":"string","description_kind":"plain","optional":true,"computed":true},"idle_in_transaction_session_timeout":{"type":"number","description":"Maximum idle time for opened transaction","description_kind":"plain","optional":true,"computed":true},"idle_session_timeout":{"type":"number","description":"Maximum idle time for session","description_kind":"plain","optional":true,"computed":true},"ip":{"type":"string","description":"IP-address database of network interface","description_kind":"plain","computed":true},"is_external_ip":{"type":"bool","description":"Flag that shows allowability database only by external IP address","description_kind":"plain","optional":true,"computed":true},"join_collapse_limit":{"type":"number","description":"Threshold of elements in `FROM` that will be transformed to explicit `JOIN`","description_kind":"plain","optional":true,"computed":true},"local_ip":{"type":"string","description":"Local IP-address database of network interface","description_kind":"plain","computed":true},"lock_timeout":{"type":"number","description":"Time for obtaining lock","description_kind":"plain","optional":true,"computed":true},"login":{"type":"string","description":"Login for database","description_kind":"plain","optional":true},"max_connections":{"type":"number","description":"Determines the maximum number of concurrent connections to the database server","description_kind":"plain","optional":true,"computed":true},"max_prepared_transactions":{"type":"number","description":"Max count of stored prepared statements","description_kind":"plain","optional":true,"computed":true},"name":{"type":"string","description":"Name for database","description_kind":"plain","required":true},"password":{"type":"string","description":"Password for database","description_kind":"plain","required":true,"sensitive":true},"port":{"type":"number","description":"Port for connection to database","description_kind":"plain","computed":true},"preset_id":{"type":"number","description":"Preset ID for database","description_kind":"plain","required":true},"project_id":{"type":"number","description":"Project ID for created DB","description_kind":"plain","optional":true,"computed":true},"shared_buffers":{"type":"number","description":"Sets the number of shared memory buffers used by the server","description_kind":"plain","optional":true,"computed":true},"status":{"type":"string","description":"Current status of database (`started`, `starting`, `stoped`, `no_paid`)","description_kind":"plain","computed":true},"temp_buffers":{"type":"number","description":"Sets the maximum number of temporary buffers used by each session","description_kind":"plain","optional":true,"computed":true},"wal_buffers":{"type":"number","description":"Sets the number of disk-page buffers in shared memory for WAL","description_kind":"plain","optional":true,"computed":true},"work_mem":{"type":"number","description":"Sets the maximum memory to be used by each autovacuum worker process","description_kind":"plain","optional":true,"computed":true}},"block_types":{"local_network":{"nesting_mode":"list","block":{"attributes":{"id":{"type":"string","description":"ID of VPC for assign address from","description_kind":"plain","required":true},"ip":{"type":"string","description":"Address in VPC subnetwork for manual assign","description_kind":"plain","optional":true}},"description":"Flag that enables local network for DB","description_kind":"plain"},"max_items":1}},"description":"Resource for describing needed Postgres database and provides actual information about its status","description_kind":"plain","deprecated":true}},"twc_db_redis":{"version":0,"block":{"attributes":{"disk_stats":{"type":["list",["object",{"size":"number","used":"number"}]],"description":"Information about database disk stats","description_kind":"plain","computed":true},"host":{"type":"string","description":"Host for connection to database","description_kind":"plain","computed":true},"id":{"type":"string","description_kind":"plain","optional":true,"computed":true},"ip":{"type":"string","description":"IP-address database of network interface","description_kind":"plain","computed":true},"is_external_ip":{"type":"bool","description":"Flag that shows allowability database only by external IP address","description_kind":"plain","optional":true,"computed":true},"local_ip":{"type":"string","description":"Local IP-address database of network interface","description_kind":"plain","computed":true},"login":{"type":"string","description":"Login for database","description_kind":"plain","optional":true},"name":{"type":"string","description":"Name for database","description_kind":"plain","required":true},"password":{"type":"string","description":"Password for database","description_kind":"plain","required":true,"sensitive":true},"port":{"type":"number","description":"Port for connection to database","description_kind":"plain","computed":true},"preset_id":{"type":"number","description":"Preset ID for database","description_kind":"plain","required":true},"project_id":{"type":"number","description":"Project ID for created DB","description_kind":"plain","optional":true,"computed":true},"status":{"type":"string","description":"Current status of database (`started`, `starting`, `stoped`, `no_paid`)","description_kind":"plain","computed":true}},"block_types":{"local_network":{"nesting_mode":"list","block":{"attributes":{"id":{"type":"string","description":"ID of VPC for assign address from","description_kind":"plain","required":true},"ip":{"type":"string","description":"Address in VPC subnetwork for manual assign","description_kind":"plain","optional":true}},"description":"Flag that enables local network for DB","description_kind":"plain"},"max_items":1}},"description":"Resource for describing needed Redis database and provides actual information about its status","description_kind":"plain","deprecated":true}},"twc_dns_rr":{"version":0,"block":{"attributes":{"id":{"type":"string","description_kind":"plain","optional":true,"computed":true},"name":{"type":"string","description":"Host label for the resource record relative to zone name (zone name will be appended to end via dot symbol). Special name '@' will be determined as zone root","description_kind":"plain","required":true},"type":{"type":"string","description":"Type for resource record","description_kind":"plain","required":true},"value":{"type":"string","description":"Value for resource record. Domain names should be without trailing dot symbol","description_kind":"plain","required":true},"zone_id":{"type":"string","description":"Zone ID for which resource record should be created","description_kind":"plain","required":true}},"description":"Resource for describing needed DNS RR (resource records) and provides actual information about its status","description_kind":"plain"}},"twc_firewall":{"version":0,"block":{"attributes":{"description":{"type":"string","description":"Description for firewall","description_kind":"plain","optional":true,"computed":true},"id":{"type":"string","description_kind":"plain","optional":true,"computed":true},"name":{"type":"string","description":"Name for firewall","description_kind":"plain","required":true}},"block_types":{"link":{"nesting_mode":"set","block":{"attributes":{"id":{"type":"string","description":"Resource ID","description_kind":"plain","required":true},"type":{"type":"string","description":"Resource type [server, dbaas, balancer]","description_kind":"plain","required":true}},"description_kind":"plain"}}},"description":"Resource for describing needed firewall and provides actual information about its status","description_kind":"plain"}},"twc_firewall_rule":{"version":0,"block":{"attributes":{"cidr":{"type":"string","description":"Rule CIDR","description_kind":"plain","optional":true,"computed":true},"description":{"type":"string","description":"Description for firewall","description_kind":"plain","optional":true,"computed":true},"direction":{"type":"string","description":"Rule direction","description_kind":"plain","required":true},"firewall_id":{"type":"string","description":"ID of target firewall","description_kind":"plain","required":true},"id":{"type":"string","description_kind":"plain","optional":true,"computed":true},"port":{"type":"number","description":"Port when rule protocol is TCP or UDP","description_kind":"plain","optional":true},"protocol":{"type":"string","description":"Rule protocol","description_kind":"plain","required":true}},"description":"Resource for describing needed firewall rule and provides actual information about its status","description_kind":"plain"}},"twc_floating_ip":{"version":0,"block":{"attributes":{"availability_zone":{"type":"string","description":"Address of specified floating IP Address","description_kind":"plain","required":true},"comment":{"type":"string","description":"Comment of specified floating IP Address","description_kind":"plain","optional":true,"computed":true},"ddos_guard":{"type":"bool","description":"Enabled DDoS Guard for specified floating IP Address","description_kind":"plain","optional":true,"computed":true},"id":{"type":"string","description_kind":"plain","optional":true,"computed":true},"ip":{"type":"string","description":"Address of specified floating IP Address","description_kind":"plain","computed":true},"ptr":{"type":"string","description":"PTR record in DNS zone of specified floating IP Address","description_kind":"plain","optional":true,"computed":true}},"block_types":{"resource":{"nesting_mode":"list","block":{"attributes":{"id":{"type":"string","description":"ID of resource that bind with floating IP Address","description_kind":"plain","required":true},"type":{"type":"string","description":"Type of resource that bind with floating IP Address (`server`, `balancer`, `dbaas`)","description_kind":"plain","required":true}},"description":"Address of specified floating IP Address","description_kind":"plain"},"max_items":1}},"description":"Resource for describing needed floating IP and provides actual information about its status","description_kind":"plain"}},"twc_k8s_addon":{"version":0,"block":{"attributes":{"cluster_id":{"type":"number","description":"K8S cluster ID for which addon should be created","description_kind":"plain","required":true},"config_type":{"type":"string","description":"Config type (`basic`, `custom`)","description_kind":"plain","required":true},"id":{"type":"string","description":"ID of the addon","description_kind":"plain","computed":true},"status":{"type":"string","description":"Status of added cluster addon","description_kind":"plain","computed":true},"type":{"type":"string","description":"Type of addon (`ingress`, `kubernetes_dashboard`, `csi_s3`, `flannel`, `cilium`, `kube-prometheus-stack`, `kiali`, `capsule`, `jaeger`, `cert-manager`, `istio-ingress`, `istiod`, `istio-base`, `traefik`, `fluent-operator`, `velero`, `external-dns`, `nvidia`)","description_kind":"plain","required":true},"version":{"type":"string","description":"Version of the config","description_kind":"plain","optional":true},"yaml_config":{"type":"string","description":"YAML configuration for addon","description_kind":"plain","optional":true}},"block_types":{"config":{"nesting_mode":"list","block":{"attributes":{"access_key":{"type":"string","description":"Access key of the config","description_kind":"plain","required":true},"endpoint":{"type":"string","description":"Endpoint of the config","description_kind":"plain","required":true},"name":{"type":"string","description":"Name of the config","description_kind":"plain","required":true},"region":{"type":"string","description":"Region of the config","description_kind":"plain","required":true},"secret_key":{"type":"string","description":"Secret key of the config","description_kind":"plain","required":true}},"description_kind":"plain"},"max_items":1}},"description":"Resource for describing K8S cluster addon","description_kind":"plain"}},"twc_k8s_cluster":{"version":0,"block":{"attributes":{"cpu":{"type":"number","description":"Sum of CPU count of all worker nodes","description_kind":"plain","computed":true},"description":{"type":"string","description":"Description for K8S cluster","description_kind":"plain","optional":true,"computed":true},"disk":{"type":"number","description":"Sum of disks volume of worker nodes","description_kind":"plain","computed":true},"high_availability":{"type":"bool","description":"High Availability for K8S cluster","description_kind":"plain","optional":true},"id":{"type":"string","description_kind":"plain","optional":true,"computed":true},"ingress":{"type":"bool","description":"Add ingress for K8S cluster","description_kind":"plain","optional":true},"kubeconfig":{"type":"string","description":"K8S cluster kubeconfig","description_kind":"plain","computed":true,"sensitive":true},"name":{"type":"string","description":"Name for K8S cluster","description_kind":"plain","required":true},"network_driver":{"type":"string","description":"Network driver for K8S cluster [may be retrieved from API](https://api.timeweb.cloud/api/v1/k8s/network_drivers)","description_kind":"plain","required":true},"network_id":{"type":"string","description":"ID of VPC for K8S cluster","description_kind":"plain","optional":true,"computed":true},"preset_id":{"type":"number","description":"Preset ID for nodes in group","description_kind":"plain","optional":true,"computed":true},"project_id":{"type":"number","description":"Project ID for K8S cluster","description_kind":"plain","optional":true,"computed":true},"ram":{"type":"number","description":"Sum of RAM count of all worker nodes","description_kind":"plain","computed":true},"status":{"type":"string","description":"Current status of K8S cluster (`installing`, `provisioning`, `active`, `unpaid`, `started`, `not_installed`, `failed`, `unpaid_not_installed`, `deletion`)","description_kind":"plain","computed":true},"version":{"type":"string","description":"K8S version [may be retrieved from API](https://api.timeweb.cloud/api/v1/k8s/k8s_versions). If your version is outdated, we will take the latest patch of provided version! You need to check your version after cluster installation!","description_kind":"plain","required":true}},"block_types":{"configuration":{"nesting_mode":"list","block":{"attributes":{"configurator_id":{"type":"number","description":"Configurator ID for creating nodes","description_kind":"plain","required":true},"cpu":{"type":"number","description":"CPU count for node group","description_kind":"plain","required":true},"disk":{"type":"number","description":"Disk node group size","description_kind":"plain","required":true},"ram":{"type":"number","description":"RAM node group worker size","description_kind":"plain","required":true}},"description":"Configuration for master nodes","description_kind":"plain"},"max_items":1},"maintenance_slot":{"nesting_mode":"list","block":{"attributes":{"from":{"type":"string","description":"May start from this time (HH:MM format)","description_kind":"plain","optional":true},"to":{"type":"string","description":"May end to this time (HH:MM). Notice: The actual duration depends on the number of nodes in the cluster.","description_kind":"plain","optional":true},"type":{"type":"string","description":"Maintenance slot type","description_kind":"plain","required":true}},"description":"Maintenance window for cluster","description_kind":"plain"}},"oidc_provider":{"nesting_mode":"list","block":{"attributes":{"client_id":{"type":"string","description":"Unique identifier by authentication server","description_kind":"plain","required":true},"groups_claim":{"type":"string","description_kind":"plain","optional":true,"computed":true},"issuer_url":{"type":"string","description":"OIDC Provider URL","description_kind":"plain","required":true},"name":{"type":"string","description":"Name for OIDC provider setting","description_kind":"plain","required":true},"status":{"type":"string","description_kind":"plain","computed":true},"username_claim":{"type":"string","description":"Name of the field in the ID token that the OIDC authentication system uses as the username","description_kind":"plain","optional":true,"computed":true}},"description":"OIDC provider settings for cluster","description_kind":"plain"}}},"description":"Resource for describing needed K8S cluster and provides actual information about its status","description_kind":"plain"}},"twc_k8s_node_group":{"version":0,"block":{"attributes":{"cluster_id":{"type":"number","description":"K8S cluster ID for which node group should be created","description_kind":"plain","required":true},"id":{"type":"string","description_kind":"plain","optional":true,"computed":true},"is_autohealing":{"type":"bool","description":"Automatic recreating failed nodes","description_kind":"plain","optional":true,"computed":true},"is_autoscaling":{"type":"bool","description":"Automatic increase/decrease of the number of nodes in a group depending on the load","description_kind":"plain","optional":true},"max_size":{"type":"number","description":"max count of nodes in group","description_kind":"plain","optional":true},"min_size":{"type":"number","description":"min count of nodes in group","description_kind":"plain","optional":true},"name":{"type":"string","description":"K8S node group name","description_kind":"plain","required":true},"node_count":{"type":"number","description":"Count of nodes in group","description_kind":"plain","required":true},"preset_id":{"type":"number","description":"Preset ID for nodes in group","description_kind":"plain","optional":true,"computed":true},"public_ip_enabled":{"type":"bool","description":"param that shows will any node has public ip","description_kind":"plain","optional":true,"computed":true},"virtual_router_id":{"type":"string","description":"Virtual router id that node group should use","description_kind":"plain","optional":true,"computed":true}},"block_types":{"configuration":{"nesting_mode":"list","block":{"attributes":{"configurator_id":{"type":"number","description":"Configurator ID for creating group node workers","description_kind":"plain","required":true},"cpu":{"type":"number","description":"CPU count for node group","description_kind":"plain","required":true},"disk":{"type":"number","description":"Disk node group size","description_kind":"plain","required":true},"gpu":{"type":"number","description":"GPU count for node group","description_kind":"plain","optional":true},"ram":{"type":"number","description":"RAM node group worker size","description_kind":"plain","required":true}},"description":"Configuration node group workers","description_kind":"plain"},"max_items":1},"labels":{"nesting_mode":"list","block":{"attributes":{"key":{"type":"string","description":"K8S node group label key","description_kind":"plain","required":true},"value":{"type":"string","description":"K8S node group label value","description_kind":"plain","required":true}},"description":"K8S node group labels","description_kind":"plain"}},"taints":{"nesting_mode":"list","block":{"attributes":{"effect":{"type":"string","description":"K8S node group taint effect","description_kind":"plain","required":true},"key":{"type":"string","description":"K8S node group taint key","description_kind":"plain","required":true},"value":{"type":"string","description":"K8S node group taint value","description_kind":"plain","required":true}},"description":"K8S node group taints","description_kind":"plain"}}},"description":"Resource for describing needed node group in K8S cluster","description_kind":"plain"}},"twc_lb":{"version":0,"block":{"attributes":{"algo":{"type":"string","description":"Algorithm for balancing","description_kind":"plain","optional":true},"availability_zone":{"type":"string","description":"Availability zone for load balancer","description_kind":"plain","optional":true,"computed":true},"client_timeout":{"type":"number","description":"Client timeout","description_kind":"plain","optional":true,"computed":true},"connect_timeout":{"type":"number","description":"Connection timeout","description_kind":"plain","optional":true,"computed":true},"floating_ip_id":{"type":"string","description":"Floating IP ID for server","description_kind":"plain","optional":true},"httprequest_timeout":{"type":"number","description":"Http request timeout","description_kind":"plain","optional":true,"computed":true},"id":{"type":"string","description_kind":"plain","optional":true,"computed":true},"ip":{"type":"string","description":"IP-address balancer of network interface","description_kind":"plain","computed":true},"ips":{"type":["set","string"],"description":"Backends IPs","description_kind":"plain","optional":true,"computed":true},"is_keepalive":{"type":"bool","description":"Keep alive connection from balancer to backend server","description_kind":"plain","optional":true,"computed":true},"is_ssl":{"type":"bool","description":"Automatic redirect HTTP to HTTPS","description_kind":"plain","optional":true,"computed":true},"is_sticky":{"type":"bool","description":"Save user session for balancing to same backend server","description_kind":"plain","optional":true,"computed":true},"is_use_proxy":{"type":"bool","description":"Use PROXY-protocol for communicating with backend server","description_kind":"plain","optional":true,"computed":true},"local_ip":{"type":"string","description":"Local IP-address balancer of network interface","description_kind":"plain","computed":true},"maxconn":{"type":"number","description":"Maximum number of connections to backend server","description_kind":"plain","optional":true,"computed":true},"name":{"type":"string","description":"Name for balancer","description_kind":"plain","required":true},"preset_id":{"type":"number","description":"Preset ID for balancer","description_kind":"plain","required":true},"project_id":{"type":"number","description":"Project ID for created balancer","description_kind":"plain","optional":true,"computed":true},"server_timeout":{"type":"number","description":"Server timeout","description_kind":"plain","optional":true,"computed":true},"status":{"type":"string","description":"Current status of balancer (`started`, `starting`, `stoped`, `no_paid`)","description_kind":"plain","computed":true}},"block_types":{"health_check":{"nesting_mode":"list","block":{"attributes":{"fall":{"type":"number","description":"Error requests count threshold for active backend health check","description_kind":"plain","optional":true},"inter":{"type":"number","description":"Interval in seconds for active backend health check","description_kind":"plain","optional":true},"path":{"type":"string","description":"Path for active backend health check","description_kind":"plain","optional":true},"port":{"type":"number","description":"TCP port for active backend health check","description_kind":"plain","optional":true},"proto":{"type":"string","description":"Protocol for active backend health check","description_kind":"plain","optional":true},"rise":{"type":"number","description":"Success requests count threshold for active backend health check","description_kind":"plain","optional":true},"timeout":{"type":"number","description":"Timeout for active backend health check","description_kind":"plain","optional":true}},"description_kind":"plain"},"max_items":1},"local_network":{"nesting_mode":"list","block":{"attributes":{"id":{"type":"string","description":"ID of VPC for assign address from","description_kind":"plain","required":true},"ip":{"type":"string","description":"Address in VPC subnetwork for manual assign","description_kind":"plain","optional":true}},"description":"Flag that enables local network for load balancer","description_kind":"plain"},"max_items":1}},"description":"Resource for describing needed load balancer and provides actual information about its status","description_kind":"plain"}},"twc_lb_rule":{"version":0,"block":{"attributes":{"balancer_port":{"type":"number","description":"Balancer incoming traffic TCP port","description_kind":"plain","required":true},"balancer_proto":{"type":"string","description":"Balancer incoming traffic protocol","description_kind":"plain","required":true},"id":{"type":"string","description_kind":"plain","optional":true,"computed":true},"lb_id":{"type":"number","description":"ID of target balancer","description_kind":"plain","required":true},"server_port":{"type":"number","description":"Server incoming traffic TCP port","description_kind":"plain","required":true},"server_proto":{"type":"string","description":"Server incoming traffic protocol","description_kind":"plain","required":true}},"description":"Resource for describing needed load balancer rule and provides actual information about its status","description_kind":"plain"}},"twc_network_drive":{"version":0,"block":{"attributes":{"availability_zone":{"type":"string","description":"Zone of specified network drive","description_kind":"plain","optional":true,"computed":true},"comment":{"type":"string","description":"Comment for the network drive","description_kind":"plain","optional":true},"id":{"type":"string","description_kind":"plain","optional":true,"computed":true},"location":{"type":"string","description":"Location of specified network drive","description_kind":"plain","computed":true},"name":{"type":"string","description":"Name of the network drive","description_kind":"plain","optional":true,"computed":true},"preset_id":{"type":"number","description":"Preset id of the network drive","description_kind":"plain","optional":true,"computed":true},"size":{"type":"number","description":"Size of the network drive","description_kind":"plain","optional":true,"computed":true},"status":{"type":"string","description":"Status of the network drive","description_kind":"plain","computed":true},"type":{"type":"string","description":"Type of the network drive","description_kind":"plain","computed":true}},"block_types":{"resource":{"nesting_mode":"list","block":{"attributes":{"id":{"type":"number","description":"ID of resource that mounts to network drive","description_kind":"plain","optional":true},"type":{"type":"string","description":"Type of resource that mounts with network drive (`server`)","description_kind":"plain","optional":true}},"description":"Mount network drive to resource","description_kind":"plain"},"max_items":1}},"description":"Resource for describing needed network drive and provides actual information about its status","description_kind":"plain"}},"twc_project":{"version":0,"block":{"attributes":{"description":{"type":"string","description":"Description for project","description_kind":"plain","optional":true},"id":{"type":"string","description_kind":"plain","optional":true,"computed":true},"is_default":{"type":"bool","description":"Logical value indicating that new resources will be created under this project","description_kind":"plain","computed":true},"name":{"type":"string","description":"Name for project","description_kind":"plain","required":true}},"description":"Resource for describing project. Learn more about projects [in API documentation](https://timeweb.cloud/api-docs#tag/Proekty)","description_kind":"plain"}},"twc_router":{"version":0,"block":{"attributes":{"availability_zone":{"type":"string","description":"Availability zone where router located","description_kind":"plain","computed":true},"comment":{"type":"string","description":"Comment for creating router","description_kind":"plain","optional":true},"id":{"type":"string","description_kind":"plain","optional":true,"computed":true},"name":{"type":"string","description":"Router name","description_kind":"plain","required":true},"preset_id":{"type":"number","description":"Preset ID for router","description_kind":"plain","required":true},"project_id":{"type":"number","description":"Id that allow you to attach router to project","description_kind":"plain","optional":true,"computed":true},"status":{"type":"string","description":"Router status","description_kind":"plain","computed":true}},"block_types":{"ips":{"nesting_mode":"list","block":{"attributes":{"ip":{"type":"string","description":"Param that indicates which ipv4 will be used for nat if 'nat' option presented. If you need to create one, you should create floating ip and assign it here","description_kind":"plain","optional":true,"computed":true}},"block_types":{"nat":{"nesting_mode":"list","block":{"attributes":{"network_name":{"type":"string","description":"Name (id) of the network which you should provide for router nat ipv4 to be bound with local-network","description_kind":"plain","required":true}},"description":"Param that indicates for which local-network ipv4 will be used","description_kind":"plain"},"max_items":1}},"description_kind":"plain"}},"networks":{"nesting_mode":"list","block":{"attributes":{"is_dhcp_enabled":{"type":"bool","description":"Params that indicated will router use DHCP for this network","description_kind":"plain","optional":true},"network_name":{"type":"string","description":"Name of the network managed by router (exactly you should place here pvc's id)","description_kind":"plain","required":true}},"description":"Param that indicates which local-networks router will manage","description_kind":"plain"},"min_items":1},"parent_services":{"nesting_mode":"list","block":{"attributes":{"id":{"type":"number","description":"Id of parent service (for example - K8S cluster)","description_kind":"plain","required":true},"type":{"type":"string","description_kind":"plain","required":true}},"description":"Param that indicated with which resource router will be used (for example: K8S worker-nodes)","description_kind":"plain"},"max_items":1},"timeouts":{"nesting_mode":"single","block":{"attributes":{"create":{"type":"string","description_kind":"plain","optional":true},"delete":{"type":"string","description_kind":"plain","optional":true},"update":{"type":"string","description_kind":"plain","optional":true}},"description_kind":"plain"}}},"description":"Resource for describing virtual router","description_kind":"plain"}},"twc_s3_bucket":{"version":0,"block":{"attributes":{"access_key":{"type":"string","description":"Key for access via S3-compatible clients","description_kind":"plain","computed":true,"sensitive":true},"configurator_id":{"type":"number","description":"Configurator identifier","description_kind":"plain","computed":true},"disk_stats":{"type":["list",["object",{"size":"number","used":"number"}]],"description":"Information about storage disk stats","description_kind":"plain","computed":true},"full_name":{"type":"string","description":"Full name for S3 bucket (with random prefix)","description_kind":"plain","computed":true},"hostname":{"type":"string","description":"Hostname for access via S3-compatible clients","description_kind":"plain","computed":true},"id":{"type":"string","description_kind":"plain","optional":true,"computed":true},"location":{"type":"string","description":"Location of storage","description_kind":"plain","computed":true},"name":{"type":"string","description":"Name for S3 bucket","description_kind":"plain","required":true},"object_amount":{"type":"number","description":"Stored objects amount","description_kind":"plain","computed":true},"preset_id":{"type":"number","description":"Preset ID for S3 bucket. Cannot be used with (conflicts with configuration)","description_kind":"plain","optional":true,"computed":true},"project_id":{"type":"number","description":"Project ID for created S3 bucket","description_kind":"plain","optional":true,"computed":true},"secret_key":{"type":"string","description":"Secret for access via S3-compatible clients","description_kind":"plain","computed":true,"sensitive":true},"status":{"type":"string","description":"Current status of S3 bucket (`no_paid`, `created`, `transfer`)","description_kind":"plain","computed":true},"type":{"type":"string","description":"Type for S3 bucket (`private`, `public`)","description_kind":"plain","required":true}},"block_types":{"configuration":{"nesting_mode":"list","block":{"attributes":{"configurator_id":{"type":"number","description":"Configurator ID for S3 Strorage","description_kind":"plain","required":true},"disk":{"type":"number","description":"Disk size for S3 Storage","description_kind":"plain","required":true}},"description":"Configuration for server","description_kind":"plain"},"max_items":1}},"description":"Resource for describing needed S3 bucket and provides actual information about its status","description_kind":"plain"}},"twc_s3_bucket_directory":{"version":0,"block":{"attributes":{"bucket_id":{"type":"number","description":"S3 Bucket ID for which directory should be created","description_kind":"plain","required":true},"id":{"type":"string","description_kind":"plain","optional":true,"computed":true},"name":{"type":"string","description":"Directory name","description_kind":"plain","required":true}},"description":"Resource for describing needed directory in S3 bucket.\nThis resource support nested directories, but be carefully when parent directories are managed by other resource or managed directly from UI -\nthis may lead to errors and requires manually removing from state","description_kind":"plain"}},"twc_s3_bucket_file":{"version":0,"block":{"attributes":{"bucket_id":{"type":"number","description":"S3 Bucket ID for which file should be created","description_kind":"plain","required":true},"file":{"type":"string","description":"File base64-encoded content","description_kind":"plain","required":true},"id":{"type":"string","description_kind":"plain","optional":true,"computed":true},"path":{"type":"string","description":"File path in S3 bucket","description_kind":"plain","required":true}},"description":"Resource for describing needed file in S3 bucket.\nThis resource support nested directories, but be carefully when parent directories are managed by other resource or managed directly from UI -\nthis may lead to errors and requires manually removing from state","description_kind":"plain"}},"twc_s3_bucket_subdomain":{"version":0,"block":{"attributes":{"bucket_id":{"type":"number","description":"S3 Bucket ID for which file should be created","description_kind":"plain","required":true},"id":{"type":"string","description_kind":"plain","optional":true,"computed":true},"release_cert":{"type":"bool","description":"Flag that ensures releasing SSL certificate for subdomain","description_kind":"plain","optional":true},"status":{"type":"string","description":"Subdomain status (`ssl_released`, `ssl_not_requested`, `ssl_re_release_error`)","description_kind":"plain","computed":true},"subdomain":{"type":"string","description":"Subdomain for serving files from S3 bucket. Subdomain should be valid domain name (and unique between buckets) with CNAME record that pointing to `s3.timeweb.com`","description_kind":"plain","required":true}},"description":"Resource for add needed subdomain to S3 bucket","description_kind":"plain"}},"twc_server":{"version":0,"block":{"attributes":{"availability_zone":{"type":"string","description":"Availability zone for server (`spb-1`, `spb-3`, 'spb-4', `msk-1`, `nsk-1`, 'ams-1', 'fra-1', 'ala-1')","description_kind":"plain","optional":true,"computed":true},"avatar_id":{"type":"string","description":"Identifier of avatar","description_kind":"plain","computed":true},"bandwidth":{"type":"number","description":"Bandwidth for server","description_kind":"plain","optional":true},"boot_mode":{"type":"string","description":"Boot mode of server (`std`, `single`, `cd`)","description_kind":"plain","computed":true},"cloud_init":{"type":"string","description":"Cloud-init script. If script requires external network you should use floating_ip_id field instead of twc_floating_ip.resource","description_kind":"plain","optional":true,"computed":true},"comment":{"type":"string","description":"Comment for server","description_kind":"plain","optional":true,"computed":true},"configurator_id":{"type":"number","description":"Configurator identifier","description_kind":"plain","computed":true},"cpu":{"type":"number","description":"Current CPUs count of server","description_kind":"plain","computed":true},"cpu_frequency":{"type":"string","description":"Current CPU frequency of server","description_kind":"plain","computed":true},"disks":{"type":["list",["object",{"id":"number","is_mounted":"bool","is_system":"bool","size":"number","status":"string","system_name":"string","type":"string","used":"number"}]],"description":"Current server disks representation","description_kind":"plain","computed":true},"floating_ip_id":{"type":"string","description":"Floating IP ID for server","description_kind":"plain","optional":true},"hostname":{"type":"string","description":"Hostname of the server","description_kind":"plain","optional":true},"id":{"type":"string","description_kind":"plain","optional":true,"computed":true},"image_id":{"type":"string","description":"Image ID for servers (not supported for cloned servers)","description_kind":"plain","optional":true},"is_ddos_guard":{"type":"bool","description":"Flag that shows status of DDoS guard service","description_kind":"plain","computed":true},"is_root_password_required":{"type":"bool","description":"Is root password required for server","description_kind":"plain","optional":true},"location":{"type":"string","description":"Location for the server (`ru-1`, `ru-2`, 'ru-3', `de-1`, `kz-1`, 'nl-1')","description_kind":"plain","computed":true},"main_ipv4":{"type":"string","description":"Main IPv4 address from public interface","description_kind":"plain","computed":true},"name":{"type":"string","description":"Name for server","description_kind":"plain","required":true},"networks":{"type":["list",["object",{"bandwidth":"number","ips":["list",["object",{"ip":"string","is_main":"bool","ptr":"string","type":"string"}]],"is_ddos_guard":"bool","nat_mode":"string","type":"string"}]],"description_kind":"plain","computed":true},"os":{"type":["list",["object",{"id":"number","name":"string","version":"string"}]],"description":"Information about specified OS","description_kind":"plain","computed":true},"os_id":{"type":"number","description":"OS ID for server (not supported for cloned servers)","description_kind":"plain","optional":true},"preset_id":{"type":"number","description":"Preset ID for server (conflicts with configuration)","description_kind":"plain","optional":true,"computed":true},"project_id":{"type":"number","description":"Project ID for created server","description_kind":"plain","optional":true,"computed":true},"ram":{"type":"number","description":"Current RAM size of server","description_kind":"plain","computed":true},"root_pass":{"type":"string","description":"Root password for server","description_kind":"plain","computed":true,"sensitive":true},"software":{"type":["list",["object",{"id":"number","name":"string"}]],"description":"Information about specified software (if software_id was set)","description_kind":"plain","computed":true},"software_id":{"type":"number","description":"Software ID for server (not supported for cloned servers)","description_kind":"plain","optional":true},"source_server_id":{"type":"number","description":"Server ID for which clone should be created","description_kind":"plain","optional":true},"ssh_keys_ids":{"type":["set","number"],"description":"List of SSH keys IDs for server","description_kind":"plain","optional":true},"start_at":{"type":"string","description":"Last boot time (in ISO8601 format)","description_kind":"plain","computed":true},"status":{"type":"string","description":"Current status of server (`installing`, `software_install`, `reinstalling`, `on`, `off`, `turning_on`, `turning_off`, `hard_turning_off`, `rebooting`, `hard_rebooting`, `removing`, `removed`, `cloning`, `transfer`, `blocked`, `configuring`, `no_paid`, `permanent_blocked`)","description_kind":"plain","computed":true},"vnc_pass":{"type":"string","description":"VNC password for server","description_kind":"plain","computed":true,"sensitive":true}},"block_types":{"configuration":{"nesting_mode":"list","block":{"attributes":{"configurator_id":{"type":"number","description":"Configurator ID for created server","description_kind":"plain","required":true},"cpu":{"type":"number","description":"CPU count for created server","description_kind":"plain","required":true},"disk":{"type":"number","description":"Disk size for created server","description_kind":"plain","required":true},"gpu":{"type":"number","description":"GPU count for created server","description_kind":"plain","optional":true},"ram":{"type":"number","description":"RAM size for created server (must be divisible by 1024 and corresponds OS, software and configurator requirements)","description_kind":"plain","required":true}},"description":"Configuration for server","description_kind":"plain"},"max_items":1},"local_network":{"nesting_mode":"list","block":{"attributes":{"id":{"type":"string","description":"ID of VPC for assign address from","description_kind":"plain","optional":true},"ip":{"type":"string","description":"Address in VPC subnetwork for manual assign","description_kind":"plain","optional":true},"mode":{"type":"string","description":"NAT mode for created servers (`dnat_and_snat` - egress and ingress traffic allowed, `snat` - only egress traffic allowed, `no_nat` - only local network traffic allowed)","description_kind":"plain","optional":true,"computed":true}},"description":"Flag that enables local network for created server (not supported for cloned servers)","description_kind":"plain"},"max_items":1}},"description":"Resource for describing needed server and provides actual information about its status","description_kind":"plain"}},"twc_server_disk":{"version":0,"block":{"attributes":{"id":{"type":"string","description_kind":"plain","optional":true,"computed":true},"is_mounted":{"type":"bool","description":"Flag that shows current mount status of disk","description_kind":"plain","computed":true},"is_system":{"type":"bool","description":"Flag that shows disk is system or not (always `false` for now)","description_kind":"plain","computed":true},"size":{"type":"number","description":"Disk size for created disk in MB, minimal size is `5120`, step is `5120`","description_kind":"plain","required":true},"source_server_id":{"type":"number","description":"Server ID for which disk should be created","description_kind":"plain","required":true},"status":{"type":"string","description":"Current status of disk","description_kind":"plain","computed":true},"system_name":{"type":"string","description":"The name of the disk it was mounted on","description_kind":"plain","computed":true},"type":{"type":"string","description":"Disk type (`ssd`, `nvme`, `hdd`)","description_kind":"plain","computed":true},"used":{"type":"number","description":"Used disk space in MB","description_kind":"plain","computed":true}},"description":"Resource for describing needed additional disk for server and provides actual information about its status","description_kind":"plain"}},"twc_server_disk_backup":{"version":0,"block":{"attributes":{"comment":{"type":"string","description":"Comment for backup","description_kind":"plain","optional":true},"created_at":{"type":"string","description":"Date when backup was created","description_kind":"plain","computed":true},"id":{"type":"string","description_kind":"plain","optional":true,"computed":true},"name":{"type":"string","description":"Name of backup","description_kind":"plain","computed":true},"size":{"type":"number","description":"Backups size","description_kind":"plain","computed":true},"source_server_disk_id":{"type":"number","description":"Disk ID for which backup should be created","description_kind":"plain","required":true},"source_server_id":{"type":"number","description":"Server ID for which disk backups should be created","description_kind":"plain","required":true},"status":{"type":"string","description":"Current status of backup","description_kind":"plain","computed":true},"type":{"type":"string","description":"Backup type (always `manual` for now)","description_kind":"plain","computed":true}},"description":"Resource for describing needed disk backup and provides actual information about its status","description_kind":"plain"}},"twc_server_disk_backup_schedule":{"version":0,"block":{"attributes":{"copy_count":{"type":"number","description":"Maximum stored copy count","description_kind":"plain","required":true},"creation_start_at":{"type":"string","description":"Creation date for first backup","description_kind":"plain","required":true},"day_of_week":{"type":"number","description":"Day of the week when auto backup should be created. Allowed only for week interval, counting starts from 1 (Monday)","description_kind":"plain","optional":true},"enabled":{"type":"bool","description":"Enable auto backups","description_kind":"plain","optional":true},"id":{"type":"string","description_kind":"plain","optional":true,"computed":true},"interval":{"type":"string","description":"Interval between auto backups","description_kind":"plain","required":true},"source_server_disk_id":{"type":"number","description":"Disk ID for which backup should be configured","description_kind":"plain","required":true},"source_server_id":{"type":"number","description":"Server ID for which disk auto backups should be configured","description_kind":"plain","required":true}},"description":"Resource for describing needed disk auto backup properties and schedule","description_kind":"plain"}},"twc_server_ip":{"version":0,"block":{"attributes":{"id":{"type":"string","description_kind":"plain","optional":true,"computed":true},"ip":{"type":"string","description":"Address of created IP","description_kind":"plain","computed":true},"is_main":{"type":"bool","description":"Flag that shows IP is main or not (always `false` for now)","description_kind":"plain","computed":true},"ptr":{"type":"string","description":"PTR for created IP. Must be valid domain name without trailing dot","description_kind":"plain","optional":true,"computed":true},"source_server_id":{"type":"number","description":"Server ID for which IP should be created","description_kind":"plain","required":true},"type":{"type":"string","description":"Type for created IP (`ipv4`, `ipv6`)","description_kind":"plain","required":true}},"description":"Resource for describing needed additional IP address for server and provides actual information about its status","description_kind":"plain"}},"twc_ssh_key":{"version":0,"block":{"attributes":{"body":{"type":"string","description":"Public part of SSH key","description_kind":"plain","required":true},"created_at":{"type":"string","description_kind":"plain","computed":true},"id":{"type":"string","description_kind":"plain","optional":true,"computed":true},"is_default":{"type":"bool","description":"Flag that make SSH key default for all future created servers","description_kind":"plain","optional":true},"name":{"type":"string","description":"Name for SSH key","description_kind":"plain","required":true},"used_by":{"type":["list",["object",{"id":"number","name":"string"}]],"description":"Servers that use this SSH key","description_kind":"plain","computed":true}},"description":"Resource for describing needed SSH key for servers and provides actual information about its status. Learn more about SSH key [in documentation](https://timeweb.cloud/docs/cloud-servers/manage-servers/ssh-keys)","description_kind":"plain"}},"twc_vpc":{"version":0,"block":{"attributes":{"description":{"type":"string","description":"Description for VPC","description_kind":"plain","optional":true,"computed":true},"id":{"type":"string","description_kind":"plain","optional":true,"computed":true},"location":{"type":"string","description":"Location for VPC","description_kind":"plain","required":true},"name":{"type":"string","description":"Name for VPC","description_kind":"plain","required":true},"subnet_v4":{"type":"string","description":"Subnet for VPC in CIDR notation","description_kind":"plain","required":true}},"description":"Resource for describing needed VPN and provides actual information about its status","description_kind":"plain"}}},"data_source_schemas":{"twc_configurator":{"version":0,"block":{"attributes":{"cpu_frequency":{"type":"string","description":"CPU frequency for the created server (`3.3`)","description_kind":"plain","optional":true,"computed":true},"disk_type":{"type":"string","description":"Disk type for the created server (`ssd`, `nvme`, `hdd`)","description_kind":"plain","deprecated":true,"optional":true,"computed":true},"id":{"type":"string","description_kind":"plain","optional":true,"computed":true},"location":{"type":"string","description":"Location for the created server (`ru-1`, `ru-2`, `de-1`, `kz-1`). When server was created all new presets or configuration may be only chosen from same location","description_kind":"plain","optional":true,"computed":true},"preset_type":{"type":"string","description":"Preset type for the created server (`premium`, `standard`, `gpu`, `dedicated_cpu`)","description_kind":"plain","optional":true,"computed":true}},"block_types":{"requirements":{"nesting_mode":"list","block":{"attributes":{"cpu_max":{"type":"number","description":"Maximum allowed CPU count","description_kind":"plain","computed":true},"cpu_min":{"type":"number","description":"Minimum allowed CPU count","description_kind":"plain","computed":true},"cpu_step":{"type":"number","description":"Step between allowed CPU counts","description_kind":"plain","computed":true},"disk_max":{"type":"number","description":"Maximum allowed disk size","description_kind":"plain","computed":true},"disk_min":{"type":"number","description":"Minimum allowed disk size","description_kind":"plain","computed":true},"disk_step":{"type":"number","description":"Step between allowed disk sizes","description_kind":"plain","computed":true},"gpu_max":{"type":"number","description":"Maximum allowed GPU count","description_kind":"plain","computed":true},"gpu_min":{"type":"number","description":"Minimum allowed GPU count","description_kind":"plain","computed":true},"gpu_step":{"type":"number","description":"Step between allowed GPU counts","description_kind":"plain","computed":true},"network_bandwidth_max":{"type":"number","description":"Maximum allowed network bandwidth capacity","description_kind":"plain","computed":true},"network_bandwidth_min":{"type":"number","description":"Minimum allowed network bandwidth capacity","description_kind":"plain","computed":true},"network_bandwidth_step":{"type":"number","description":"Step between allowed network bandwidth capacities","description_kind":"plain","computed":true},"ram_max":{"type":"number","description":"Maximum allowed RAM size","description_kind":"plain","computed":true},"ram_min":{"type":"number","description":"Minimum allowed RAM size","description_kind":"plain","computed":true},"ram_step":{"type":"number","description":"Step between allowed RAM sizes","description_kind":"plain","computed":true}},"description":"Configuration limitations for specified configurator","description_kind":"plain"}}},"description":"Configurator data source that provides information about available hardware parameters with their restrictions with filtering and selection suitable one. All parameters are filters, so you can use only needed. Available configurators [may be retrieved from API](https://api.timeweb.cloud/api/v1/configurator/servers)","description_kind":"plain"}},"twc_database_cluster":{"version":0,"block":{"attributes":{"availability_zone":{"type":"string","description":"Availability zone for database cluster","description_kind":"plain","optional":true,"computed":true},"description":{"type":"string","description":"Description of specified database cluster","description_kind":"plain","computed":true},"disk_stats":{"type":["list",["object",{"size":"number","used":"number"}]],"description":"Information about database disk stats","description_kind":"plain","computed":true},"id":{"type":"string","description":"Database cluster ID","description_kind":"plain","optional":true,"computed":true},"is_external_ip":{"type":"bool","description":"Flag that shows allowability database only by external IP address","description_kind":"plain","computed":true},"location":{"type":"string","description":"Location where database cluster was created","description_kind":"plain","optional":true,"computed":true},"name":{"type":"string","description":"Name of specified database cluster","description_kind":"plain","optional":true,"computed":true},"networks":{"type":["list",["object",{"ips":["list",["object",{"ip":"string","type":"string"}]],"type":"string"}]],"description_kind":"plain","computed":true},"parameters":{"type":["map","string"],"description":"Configuration parameters for database cluster","description_kind":"plain","computed":true},"port":{"type":"number","description":"Listening port for incoming connections","description_kind":"plain","computed":true},"status":{"type":"string","description":"Current status of database cluster (`started`, `starting`, `stopped`, `no_paid`)","description_kind":"plain","computed":true},"type":{"type":"string","description":"Type of specified database cluster","description_kind":"plain","optional":true,"computed":true}},"description":"Data source that provides bunch of useful parameters for filtering and suitable database cluster selection. All parameters are filters, so you can use only needed. Available DB types [may be retrieved from API](https://api.timeweb.cloud/api/v1/database-types)","description_kind":"plain"}},"twc_database_preset":{"version":0,"block":{"attributes":{"cpu":{"type":"number","description":"CPU count of specified preset","description_kind":"plain","optional":true,"computed":true},"description":{"type":"string","description":"Description of specified preset","description_kind":"plain","computed":true},"description_short":{"type":"string","description":"Short description of specified preset","description_kind":"plain","optional":true,"computed":true},"disk":{"type":"number","description":"Disk size of specified preset","description_kind":"plain","optional":true,"computed":true},"id":{"type":"string","description_kind":"plain","optional":true,"computed":true},"location":{"type":"string","description":"Location for the created storage (`ru-1`, `ru-2`, `de-1`, `kz-1`). When storage was created all new presets or configuration may be only chosen from same location","description_kind":"plain","optional":true,"computed":true},"price":{"type":"number","description":"Price of specified preset","description_kind":"plain","computed":true},"ram":{"type":"number","description":"RAM size of specified preset","description_kind":"plain","optional":true,"computed":true},"type":{"type":"string","description":"Type of database (`mysql`, `mysql5`, `postgres`, `redis`, `mongodb`)","description_kind":"plain","optional":true,"computed":true}},"block_types":{"price_filter":{"nesting_mode":"list","block":{"attributes":{"from":{"type":"number","description":"Minimum price (inclusive)","description_kind":"plain","required":true},"to":{"type":"number","description":"Maximum price (inclusive)","description_kind":"plain","required":true}},"description":"Price filter for select preset in specified price range","description_kind":"plain"},"max_items":1}},"description":"Data source that provides bunch of useful parameters for filtering and suitable preset selection. All parameters are filters, so you can use only needed. Available presets [may be retrieved from API](https://api.timeweb.cloud/api/v1/presets/dbs)","description_kind":"plain"}},"twc_db_preset":{"version":0,"block":{"attributes":{"cpu":{"type":"number","description":"CPU count of specified preset","description_kind":"plain","optional":true,"computed":true},"description":{"type":"string","description":"Description of specified preset","description_kind":"plain","computed":true},"description_short":{"type":"string","description":"Short description of specified preset","description_kind":"plain","optional":true,"computed":true},"disk":{"type":"number","description":"Disk size of specified preset","description_kind":"plain","optional":true,"computed":true},"id":{"type":"string","description_kind":"plain","optional":true,"computed":true},"location":{"type":"string","description":"Location for the created storage (`ru-1`, `ru-2`, `de-1`, `kz-1`). When storage was created all new presets or configuration may be only chosen from same location","description_kind":"plain","optional":true,"computed":true},"price":{"type":"number","description":"Price of specified preset","description_kind":"plain","computed":true},"ram":{"type":"number","description":"RAM size of specified preset","description_kind":"plain","optional":true,"computed":true},"type":{"type":"string","description":"Type of database (`mysql`, `postgres`, `redis`, `mongodb`)","description_kind":"plain","optional":true,"computed":true}},"block_types":{"price_filter":{"nesting_mode":"list","block":{"attributes":{"from":{"type":"number","description":"Minimum price (inclusive)","description_kind":"plain","required":true},"to":{"type":"number","description":"Maximum price (inclusive)","description_kind":"plain","required":true}},"description":"Price filter for select preset in specified price range","description_kind":"plain"},"max_items":1}},"description":"Data source that provides bunch of useful parameters for filtering and suitable preset selection. All parameters are filters, so you can use only needed. Available presets [may be retrieved from API](https://api.timeweb.cloud/api/v1/presets/dbs)","description_kind":"plain"}},"twc_dns_zone":{"version":0,"block":{"attributes":{"id":{"type":"string","description_kind":"plain","optional":true,"computed":true},"name":{"type":"string","description":"Name of specified domain zone","description_kind":"plain","required":true}},"description":"Data source that provides capability for filtering and domain zone selection. All parameters are filters, so you can use only needed","description_kind":"plain"}},"twc_floating_ip":{"version":0,"block":{"attributes":{"availability_zone":{"type":"string","description":"Address of specified floating IP Address","description_kind":"plain","optional":true,"computed":true},"comment":{"type":"string","description":"Comment of specified floating IP Address","description_kind":"plain","optional":true,"computed":true},"ddos_guard":{"type":"bool","description":"Enabled DDoS Guard for specified floating IP Address","description_kind":"plain","optional":true,"computed":true},"id":{"type":"string","description":"ID of specified floating IP Address","description_kind":"plain","optional":true,"computed":true},"ip":{"type":"string","description":"Address of specified floating IP Address","description_kind":"plain","optional":true,"computed":true},"ptr":{"type":"string","description":"PTR record in DNS zone of specified floating IP Address","description_kind":"plain","optional":true,"computed":true}},"block_types":{"resource":{"nesting_mode":"list","block":{"attributes":{"id":{"type":"string","description":"ID of resource that bind with floating IP Address","description_kind":"plain","optional":true,"computed":true},"type":{"type":"string","description":"Type of resource that bind with floating IP Address","description_kind":"plain","optional":true,"computed":true}},"description":"Address of specified floating IP Address","description_kind":"plain"},"max_items":1}},"description":"Data source that provides capability for filtering and selection floating ip. All parameters are filters, so you can use only needed","description_kind":"plain"}},"twc_image":{"version":0,"block":{"attributes":{"id":{"type":"string","description":"Image ID","description_kind":"plain","optional":true,"computed":true},"is_custom":{"type":"bool","description":"That image is custom","description_kind":"plain","optional":true,"computed":true},"location":{"type":"string","description":"Location where image was created","description_kind":"plain","optional":true,"computed":true},"name":{"type":"string","description":"Name of specified image","description_kind":"plain","optional":true,"computed":true},"os":{"type":"string","description":"OS of specified image","description_kind":"plain","optional":true,"computed":true}},"description":"Data source that provides bunch of useful parameters for filtering and suitable image selection. All parameters are filters, so you can use only needed. Available OS [may be retrieved from API](https://api.timeweb.cloud/api/v1/images)","description_kind":"plain"}},"twc_k8s_configurator":{"version":0,"block":{"attributes":{"cpu_frequency":{"type":"string","description":"CPU frequency for the created server (`3.3`)","description_kind":"plain","optional":true,"computed":true},"disk_type":{"type":"string","description":"Disk type for the created server (`ssd`, `nvme`, `hdd`)","description_kind":"plain","deprecated":true,"computed":true},"id":{"type":"string","description_kind":"plain","optional":true,"computed":true},"location":{"type":"string","description":"Location for the created server (`ru-1`, `ru-2`, `de-1`, `kz-1`). When server was created all new presets or configuration may be only chosen from same location","description_kind":"plain","optional":true,"computed":true},"node_type":{"type":"string","description":"Node type (`master`, `worker`)","description_kind":"plain","optional":true,"computed":true},"preset_type":{"type":"string","description":"Preset type for created node ()","description_kind":"plain","optional":true,"computed":true}},"block_types":{"requirements":{"nesting_mode":"list","block":{"attributes":{"cpu_max":{"type":"number","description":"Maximum allowed CPU count","description_kind":"plain","computed":true},"cpu_min":{"type":"number","description":"Minimum allowed CPU count","description_kind":"plain","computed":true},"cpu_step":{"type":"number","description":"Step between allowed CPU counts","description_kind":"plain","computed":true},"disk_max":{"type":"number","description":"Maximum allowed disk size","description_kind":"plain","computed":true},"disk_min":{"type":"number","description":"Minimum allowed disk size","description_kind":"plain","computed":true},"disk_step":{"type":"number","description":"Step between allowed disk sizes","description_kind":"plain","computed":true},"gpu_max":{"type":"number","description":"Maximum allowed GPU count","description_kind":"plain","computed":true},"gpu_min":{"type":"number","description":"Minimum allowed GPU count","description_kind":"plain","computed":true},"gpu_step":{"type":"number","description":"Step between allowed GPU counts","description_kind":"plain","computed":true},"network_bandwidth_max":{"type":"number","description":"Maximum allowed network bandwidth capacity","description_kind":"plain","computed":true},"network_bandwidth_min":{"type":"number","description":"Minimum allowed network bandwidth capacity","description_kind":"plain","computed":true},"network_bandwidth_step":{"type":"number","description":"Step between allowed network bandwidth capacities","description_kind":"plain","computed":true},"ram_max":{"type":"number","description":"Maximum allowed RAM size","description_kind":"plain","computed":true},"ram_min":{"type":"number","description":"Minimum allowed RAM size","description_kind":"plain","computed":true},"ram_step":{"type":"number","description":"Step between allowed RAM sizes","description_kind":"plain","computed":true}},"description":"Configuration limitations for specified configurator","description_kind":"plain"}}},"description":"Configurator data source that provides information about available hardware parameters with their restrictions with filtering and selection suitable one. All parameters are filters, so you can use only needed. Available configurators [may be retrieved from API](https://api.timeweb.cloud/api/v1/configurator/servers)","description_kind":"plain"}},"twc_k8s_preset":{"version":0,"block":{"attributes":{"cpu":{"type":"number","description":"CPU count of specified preset","description_kind":"plain","optional":true,"computed":true},"description":{"type":"string","description":"Description of specified preset","description_kind":"plain","computed":true},"description_short":{"type":"string","description":"Short description of specified preset","description_kind":"plain","optional":true,"computed":true},"disk":{"type":"number","description":"Disk size of specified preset","description_kind":"plain","optional":true,"computed":true},"id":{"type":"string","description_kind":"plain","optional":true,"computed":true},"limit":{"type":"number","description":"Limit for worker-nodes in group","description_kind":"plain","computed":true},"location":{"type":"string","description":"Location for k8s preset (`ru-1`, `ru-3`, `nl-1`). Master and worker should be in one location","description_kind":"plain","optional":true,"computed":true},"network":{"type":"number","description":"Network bandwidth capacity of specified preset","description_kind":"plain","optional":true,"computed":true},"price":{"type":"number","description":"Price of specified preset","description_kind":"plain","computed":true},"ram":{"type":"number","description":"RAM size of specified preset","description_kind":"plain","optional":true,"computed":true},"type":{"type":"string","description":"Node type for preset","description_kind":"plain","optional":true,"computed":true}},"block_types":{"price_filter":{"nesting_mode":"list","block":{"attributes":{"from":{"type":"number","description":"Minimum price (inclusive)","description_kind":"plain","required":true},"to":{"type":"number","description":"Maximum price (inclusive)","description_kind":"plain","required":true}},"description":"Price filter for select preset in specified price range","description_kind":"plain"},"max_items":1}},"description":"Data source that provides bunch of useful parameters for filtering and suitable preset selection. All parameters are filters, so you can use only needed. Available presets [may be retrieved from API](https://api.timeweb.cloud/api/v1/presets/k8s)","description_kind":"plain"}},"twc_lb_preset":{"version":0,"block":{"attributes":{"bandwidth":{"type":"number","description":"Network bandwidth capacity of specified preset","description_kind":"plain","optional":true,"computed":true},"description":{"type":"string","description":"Description of specified preset","description_kind":"plain","computed":true},"description_short":{"type":"string","description":"Short description of specified preset","description_kind":"plain","optional":true,"computed":true},"id":{"type":"string","description_kind":"plain","optional":true,"computed":true},"location":{"type":"string","description":"Location for the created storage (`ru-1`, `ru-2`, `de-1`, `kz-1`). When storage was created all new presets or configuration may be only chosen from same location","description_kind":"plain","optional":true,"computed":true},"price":{"type":"number","description":"Price of specified preset","description_kind":"plain","computed":true},"replica_count":{"type":"number","description":"Replicas","description_kind":"plain","optional":true,"computed":true},"requests_per_second":{"type":"string","description":"Maximum load that balancer may perform","description_kind":"plain","optional":true,"computed":true}},"block_types":{"price_filter":{"nesting_mode":"list","block":{"attributes":{"from":{"type":"number","description":"Minimum price (inclusive)","description_kind":"plain","required":true},"to":{"type":"number","description":"Maximum price (inclusive)","description_kind":"plain","required":true}},"description":"Price filter for select preset in specified price range","description_kind":"plain"},"max_items":1}},"description":"Data source that provides bunch of useful parameters for filtering and suitable preset selection. All parameters are filters, so you can use only needed. Available presets [may be retrieved from API](https://api.timeweb.cloud/api/v1/presets/k8s)","description_kind":"plain"}},"twc_network_drive":{"version":0,"block":{"attributes":{"availability_zone":{"type":"string","description":"Availability zone of specified network drive","description_kind":"plain","optional":true,"computed":true},"comment":{"type":"string","description":"Comment of specified network drive","description_kind":"plain","optional":true,"computed":true},"id":{"type":"string","description":"Network Drive ID","description_kind":"plain","optional":true,"computed":true},"location":{"type":"string","description":"Location where network drive was created","description_kind":"plain","optional":true,"computed":true},"name":{"type":"string","description":"Name of specified network drive","description_kind":"plain","optional":true,"computed":true},"preset_id":{"type":"number","description":"Preset id of network drive","description_kind":"plain","optional":true,"computed":true},"size":{"type":"number","description":"Size of network drive in GB","description_kind":"plain","optional":true,"computed":true},"type":{"type":"string","description":"Type of network drive (hdd, nvme)","description_kind":"plain","optional":true,"computed":true}},"description":"Data source that provides bunch of useful parameters for filtering and suitable network disks selection. All parameters are filters, so you can use only needed.","description_kind":"plain"}},"twc_network_drive_preset":{"version":0,"block":{"attributes":{"cost_per_gb":{"type":"number","description":"Cost per GB of specified preset","description_kind":"plain","computed":true},"id":{"type":"string","description_kind":"plain","optional":true,"computed":true},"type":{"type":"string","description":"Type of the network drive for preset","description_kind":"plain","optional":true,"computed":true}},"block_types":{"price_filter":{"nesting_mode":"list","block":{"attributes":{"from":{"type":"number","description":"Minimum price (inclusive)","description_kind":"plain","required":true},"to":{"type":"number","description":"Maximum price (inclusive)","description_kind":"plain","required":true}},"description":"Price filter for select preset in specified price range","description_kind":"plain"},"max_items":1}},"description":"Data source that provides bunch of useful parameters for filtering and suitable network disks selection presets. All parameters are filters, so you can use only needed.","description_kind":"plain"}},"twc_os":{"version":0,"block":{"attributes":{"description":{"type":"string","description":"Description of specified OS","description_kind":"plain","computed":true},"family":{"type":"string","description":"Family of specified OS","description_kind":"plain","optional":true,"computed":true},"id":{"type":"string","description_kind":"plain","optional":true,"computed":true},"name":{"type":"string","description":"Name of specified OS","description_kind":"plain","optional":true,"computed":true},"version":{"type":"string","description":"Version of specified OS","description_kind":"plain","optional":true,"computed":true},"version_codename":{"type":"string","description":"Codename of specified OS","description_kind":"plain","computed":true}},"block_types":{"requirements":{"nesting_mode":"list","block":{"attributes":{"bandwidth_min":{"type":"number","description":"Minimal allowed network bandwidth capacity","description_kind":"plain","computed":true},"cpu_min":{"type":"number","description":"Minimal allowed CPU count","description_kind":"plain","computed":true},"disk_min":{"type":"number","description":"Minimal allowed disk size","description_kind":"plain","computed":true},"ram_min":{"type":"number","description":"Minimal allowed RAM size","description_kind":"plain","computed":true}},"description":"Configuration requirements to install specified OS","description_kind":"plain"}}},"description":"Data source that provides bunch of useful parameters for filtering and suitable OS selection. All parameters are filters, so you can use only needed. Available OS [may be retrieved from API](https://api.timeweb.cloud/api/v1/os/servers)","description_kind":"plain"}},"twc_presets":{"version":0,"block":{"attributes":{"availability_zone":{"type":"string","description":"Availability zone for preset","description_kind":"plain","optional":true,"computed":true},"bandwidth":{"type":"number","description":"Network bandwidth capacity of specified preset","description_kind":"plain","optional":true,"computed":true},"cpu":{"type":"number","description":"CPU count of specified preset","description_kind":"plain","optional":true,"computed":true},"cpu_frequency":{"type":"string","description":"CPU frequency for the created server (`3.3`)","description_kind":"plain","optional":true,"computed":true},"description":{"type":"string","description":"Description of specified preset","description_kind":"plain","computed":true},"description_short":{"type":"string","description":"Short description of specified preset","description_kind":"plain","optional":true,"computed":true},"disk":{"type":"number","description":"Disk size of specified preset","description_kind":"plain","optional":true,"computed":true},"disk_type":{"type":"string","description":"Disk type for the created server (`ssd`, `nvme`, `hdd`)","description_kind":"plain","deprecated":true,"optional":true,"computed":true},"id":{"type":"string","description_kind":"plain","optional":true,"computed":true},"is_allowed_local_network":{"type":"bool","description":"Flag that shows allowability local networks for specified preset","description_kind":"plain","optional":true,"computed":true},"location":{"type":"string","description":"Location for the created server (`ru-1`, `ru-2`, `de-1`, `kz-1`). When server was created all new presets or configuration may be only chosen from same location","description_kind":"plain","optional":true,"computed":true},"preset_type":{"type":"string","description":"Preset type for the created server (`premium`, `standard`, `high_cpu`)","description_kind":"plain","optional":true,"computed":true},"price":{"type":"number","description":"Price of specified preset","description_kind":"plain","computed":true},"ram":{"type":"number","description":"RAM size of specified preset","description_kind":"plain","optional":true,"computed":true},"tags":{"type":["set","string"],"description":"Tags of specified preset","description_kind":"plain","computed":true}},"block_types":{"price_filter":{"nesting_mode":"list","block":{"attributes":{"from":{"type":"number","description":"Minimum price (inclusive)","description_kind":"plain","required":true},"to":{"type":"number","description":"Maximum price (inclusive)","description_kind":"plain","required":true}},"description":"Price filter for select preset in specified price range","description_kind":"plain"},"max_items":1}},"description":"Data source that provides bunch of useful parameters for filtering and suitable preset selection. All parameters are filters, so you can use only needed. Available presets [may be retrieved from API](https://api.timeweb.cloud/api/v1/presets/servers)","description_kind":"plain"}},"twc_projects":{"version":0,"block":{"attributes":{"id":{"type":"string","description_kind":"plain","optional":true,"computed":true},"name":{"type":"string","description":"Name of specified project","description_kind":"plain","required":true}},"description":"Data source that provides capability for filtering and project selection. All parameters are filters, so you can use only needed","description_kind":"plain"}},"twc_router_preset":{"version":0,"block":{"attributes":{"cpu":{"type":"number","description":"CPU count of specified preset","description_kind":"plain","optional":true,"computed":true},"id":{"type":"string","description_kind":"plain","optional":true,"computed":true},"location":{"type":"string","description":"Location for the created router","description_kind":"plain","optional":true,"computed":true},"node_count":{"type":"number","description":"Node count of specified preset","description_kind":"plain","optional":true,"computed":true},"price":{"type":"number","description":"Price of specified preset","description_kind":"plain","computed":true},"ram":{"type":"number","description":"RAM size of specified preset","description_kind":"plain","optional":true,"computed":true}},"block_types":{"price_filter":{"nesting_mode":"list","block":{"attributes":{"from":{"type":"number","description":"Minimum price (inclusive)","description_kind":"plain","required":true},"to":{"type":"number","description":"Maximum price (inclusive)","description_kind":"plain","required":true}},"description":"Price filter for select preset in specified price range","description_kind":"plain"},"max_items":1}},"description":"Data source that provides bunch of useful parameters for filtering and suitable preset selection. All parameters are filters, so you can use only needed.","description_kind":"plain"}},"twc_s3_bucket":{"version":0,"block":{"attributes":{"id":{"type":"string","description_kind":"plain","optional":true,"computed":true},"name":{"type":"string","description":"Name of specified S3 bucket","description_kind":"plain","required":true}},"description":"Data source that provides capability for filtering and S3 bucket selection. All parameters are filters, so you can use only needed","description_kind":"plain"}},"twc_s3_configurator":{"version":0,"block":{"attributes":{"disk_type":{"type":"string","description":"Disk type of the S3 configurator (`nvme`)","description_kind":"plain","optional":true,"computed":true},"id":{"type":"string","description_kind":"plain","optional":true,"computed":true},"location":{"type":"string","description":"Location of the S3 configurator (`ru-1`).","description_kind":"plain","optional":true,"computed":true},"storage_class":{"type":"string","description":"Storage class of the S3 configurator (`cold`, `hot`)","description_kind":"plain","optional":true,"computed":true}},"block_types":{"requirements":{"nesting_mode":"list","block":{"attributes":{"disk_max":{"type":"number","description":"Maximum allowed disk size","description_kind":"plain","computed":true},"disk_min":{"type":"number","description":"Minimum allowed disk size","description_kind":"plain","computed":true},"disk_step":{"type":"number","description":"Step between allowed disk sizes","description_kind":"plain","computed":true}},"description":"Configuration limitations for specified configurator","description_kind":"plain"}}},"description":"Configurator data source that provides information about available S3 configurations with their restrictions with filtering and selection suitable one. All parameters are filters, so you can use only needed.","description_kind":"plain"}},"twc_s3_preset":{"version":0,"block":{"attributes":{"description":{"type":"string","description":"Description of specified preset","description_kind":"plain","computed":true},"description_short":{"type":"string","description":"Short description of specified preset","description_kind":"plain","optional":true,"computed":true},"disk":{"type":"number","description":"Disk size of specified preset","description_kind":"plain","optional":true,"computed":true},"id":{"type":"string","description_kind":"plain","optional":true,"computed":true},"location":{"type":"string","description":"Location for the created storage (`ru-1`, `ru-2`, `de-1`, `kz-1`). When storage was created all new presets or configuration may be only chosen from same location","description_kind":"plain","optional":true,"computed":true},"price":{"type":"number","description":"Price of specified preset","description_kind":"plain","computed":true}},"block_types":{"price_filter":{"nesting_mode":"list","block":{"attributes":{"from":{"type":"number","description":"Minimum price (inclusive)","description_kind":"plain","required":true},"to":{"type":"number","description":"Maximum price (inclusive)","description_kind":"plain","required":true}},"description":"Price filter for select preset in specified price range","description_kind":"plain"},"max_items":1}},"description":"Data source that provides bunch of useful parameters for filtering and suitable preset selection. All parameters are filters, so you can use only needed. Available presets [may be retrieved from API](https://api.timeweb.cloud/api/v1/presets/storages)","description_kind":"plain"}},"twc_software":{"version":0,"block":{"attributes":{"id":{"type":"string","description_kind":"plain","optional":true,"computed":true},"name":{"type":"string","description":"Name of specified software","description_kind":"plain","optional":true,"computed":true}},"block_types":{"os":{"nesting_mode":"list","block":{"attributes":{"description":{"type":"string","description":"Description of specified OS","description_kind":"plain","computed":true},"family":{"type":"string","description":"Family of specified OS","description_kind":"plain","optional":true,"computed":true},"id":{"type":"number","description":"Identifier of specified OS","description_kind":"plain","computed":true},"name":{"type":"string","description":"Name of specified OS","description_kind":"plain","optional":true,"computed":true},"requirements":{"type":["list",["object",{"bandwidth_min":"number","cpu_min":"number","disk_min":"number","ram_min":"number"}]],"description":"Configuration requirements to install specified OS","description_kind":"plain","computed":true},"version":{"type":"string","description":"Version of specified OS","description_kind":"plain","optional":true,"computed":true},"version_codename":{"type":"string","description":"Codename of specified OS","description_kind":"plain","computed":true}},"description_kind":"plain"},"max_items":1}},"description":"Data source that provides bunch of useful parameters for filtering and suitable software selection. All parameters are filters, so you can use only needed. Available software [may be retrieved from API](https://api.timeweb.cloud/api/v1/software/servers)","description_kind":"plain"}},"twc_ssh_keys":{"version":0,"block":{"attributes":{"body":{"type":"string","description":"Public part of specified SSH Key","description_kind":"plain","computed":true},"created_at":{"type":"string","description":"Time of creation specified SSH Key in ISO8601 format","description_kind":"plain","computed":true},"id":{"type":"string","description_kind":"plain","optional":true,"computed":true},"name":{"type":"string","description":"Name of specified SSH Key","description_kind":"plain","required":true}},"description":"Data source that provides capability for filtering and SSH key selection. All parameters are filters, so you can use only needed","description_kind":"plain"}}}}}}
